
Microsoft Visual Studio Solution File, Format Version 12.00
# Visual Studio 15
VisualStudioVersion = 15.0.28307.136
MinimumVisualStudioVersion = 10.0.40219.1
Project("{FAE04EC0-301F-11D3-BF4B-00C04F79EFBC}") = "ConsoleApp", "ConsoleApp\ConsoleApp.csproj", "{3DA49708-9304-4862-A645-0F4327A84EF3}"
EndProject
Project("{FAE04EC0-301F-11D3-BF4B-00C04F79EFBC}") = "TestGeneratorLib", "TestGeneratorLib\TestGeneratorLib.csproj", "{0B264B11-7296-48C6-8A86-7E4950C6A308}"
EndProject
Project("{FAE04EC0-301F-11D3-BF4B-00C04F79EFBC}") = "UnitTest", "UnitTest\UnitTest.csproj", "{4D448FAC-A651-4FD6-9594-644DC6D7CD20}"
EndProject
Global
	GlobalSection(SolutionConfigurationPlatforms) = preSolution
		Debug|Any CPU = Debug|Any CPU
		Release|Any CPU = Release|Any CPU
	EndGlobalSection
	GlobalSection(ProjectConfigurationPlatforms) = postSolution
		{3DA49708-9304-4862-A645-0F4327A84EF3}.Debug|Any CPU.ActiveCfg = Debug|Any CPU
		{3DA49708-9304-4862-A645-0F4327A84EF3}.Debug|Any CPU.Build.0 = Debug|Any CPU
		{3DA49708-9304-4862-A645-0F4327A84EF3}.Release|Any CPU.ActiveCfg = Release|Any CPU
		{3DA49708-9304-4862-A645-0F4327A84EF3}.Release|Any CPU.Build.0 = Release|Any CPU
		{0B264B11-7296-48C6-8A86-7E4950C6A308}.Debug|Any CPU.ActiveCfg = Debug|Any CPU
		{0B264B11-7296-48C6-8A86-7E4950C6A308}.Debug|Any CPU.Build.0 = Debug|Any CPU
		{0B264B11-7296-48C6-8A86-7E4950C6A308}.Release|Any CPU.ActiveCfg = Release|Any CPU
		{0B264B11-7296-48C6-8A86-7E4950C6A308}.Release|Any CPU.Build.0 = Release|Any CPU
		{4D448FAC-A651-4FD6-9594-644DC6D7CD20}.Debug|Any CPU.ActiveCfg = Debug|Any CPU
		{4D448FAC-A651-4FD6-9594-644DC6D7CD20}.Debug|Any CPU.Build.0 = Debug|Any CPU
		{4D448FAC-A651-4FD6-9594-644DC6D7CD20}.Release|Any CPU.ActiveCfg = Release|Any CPU
		{4D448FAC-A651-4FD6-9594-644DC6D7CD20}.Release|Any CPU.Build.0 = Release|Any CPU
	EndGlobalSection
	GlobalSection(SolutionProperties) = preSolution
		HideSolutionNode = FALSE
	EndGlobalSection
	GlobalSection(ExtensibilityGlobals) = postSolution
		SolutionGuid = {612DEE28-61A1-46AA-AF98-5E9388B95693}
	EndGlobalSection
EndGlobal
